
Microsoft Visual Studio Solution File, Format Version 12.00
# Visual Studio Version 17
VisualStudioVersion = 17.0.31912.275
MinimumVisualStudioVersion = 10.0.40219.1
Project("{9A19103F-16F7-4668-BE54-9A1E7A4F7556}") = "FLSoftware.AVila.Front", "FLSoftware.AVila.Front\FLSoftware.AVila.Front.csproj", "{7B92B537-0C42-4F31-9F7B-3B8042AEE140}"
EndProject
Global
	GlobalSection(SolutionConfigurationPlatforms) = preSolution
		Debug|Any CPU = Debug|Any CPU
		Release|Any CPU = Release|Any CPU
	EndGlobalSection
	GlobalSection(ProjectConfigurationPlatforms) = postSolution
		{7B92B537-0C42-4F31-9F7B-3B8042AEE140}.Debug|Any CPU.ActiveCfg = Debug|Any CPU
		{7B92B537-0C42-4F31-9F7B-3B8042AEE140}.Debug|Any CPU.Build.0 = Debug|Any CPU
		{7B92B537-0C42-4F31-9F7B-3B8042AEE140}.Release|Any CPU.ActiveCfg = Release|Any CPU
		{7B92B537-0C42-4F31-9F7B-3B8042AEE140}.Release|Any CPU.Build.0 = Release|Any CPU
	EndGlobalSection
	GlobalSection(SolutionProperties) = preSolution
		HideSolutionNode = FALSE
	EndGlobalSection
	GlobalSection(ExtensibilityGlobals) = postSolution
		SolutionGuid = {A03D3C85-D647-4246-A7D5-3E20FE496BEB}
	EndGlobalSection
EndGlobal
